// !$*UTF8*$!
{
	archiveVersion = 1;
	classes = {
	};
	objectVersion = 48;
	objects = {

/* Begin PBXBuildFile section */
		4479DE88207CCE9F00C18A8B /* AppDelegate.swift in Sources */ = {isa = PBXBuildFile; fileRef = 4479DE87207CCE9F00C18A8B /* AppDelegate.swift */; };
		4479DE8A207CCE9F00C18A8B /* ViewController.swift in Sources */ = {isa = PBXBuildFile; fileRef = 4479DE89207CCE9F00C18A8B /* ViewController.swift */; };
		4479DE8D207CCE9F00C18A8B /* Main.storyboard in Resources */ = {isa = PBXBuildFile; fileRef = 4479DE8B207CCE9F00C18A8B /* Main.storyboard */; };
		4479DE8F207CCE9F00C18A8B /* Assets.xcassets in Resources */ = {isa = PBXBuildFile; fileRef = 4479DE8E207CCE9F00C18A8B /* Assets.xcassets */; };
		4479DE92207CCE9F00C18A8B /* LaunchScreen.storyboard in Resources */ = {isa = PBXBuildFile; fileRef = 4479DE90207CCE9F00C18A8B /* LaunchScreen.storyboard */; };
		4479DE9D207CCE9F00C18A8B /* SystemTestTests.swift in Sources */ = {isa = PBXBuildFile; fileRef = 4479DE9C207CCE9F00C18A8B /* SystemTestTests.swift */; };
		4479DEA8207CCE9F00C18A8B /* SystemTestUITests.swift in Sources */ = {isa = PBXBuildFile; fileRef = 4479DEA7207CCE9F00C18A8B /* SystemTestUITests.swift */; };
		4479DEB6207CCEE200C18A8B /* VegetablesTableViewController.swift in Sources */ = {isa = PBXBuildFile; fileRef = 4479DEB5207CCEE200C18A8B /* VegetablesTableViewController.swift */; };
		4479DEB8207CD3AF00C18A8B /* MainTableViewController.swift in Sources */ = {isa = PBXBuildFile; fileRef = 4479DEB7207CD3AF00C18A8B /* MainTableViewController.swift */; };
		44BE44C9207CE17C0043D66B /* FruitsTableViewController.swift in Sources */ = {isa = PBXBuildFile; fileRef = 44BE44C8207CE17C0043D66B /* FruitsTableViewController.swift */; };
		44BE44CB207CE3EB0043D66B /* LeafyVegetablesTableViewController.swift in Sources */ = {isa = PBXBuildFile; fileRef = 44BE44CA207CE3EB0043D66B /* LeafyVegetablesTableViewController.swift */; };
/* End PBXBuildFile section */

/* Begin PBXContainerItemProxy section */
		4479DE99207CCE9F00C18A8B /* PBXContainerItemProxy */ = {
			isa = PBXContainerItemProxy;
			containerPortal = 4479DE7C207CCE9E00C18A8B /* Project object */;
			proxyType = 1;
			remoteGlobalIDString = 4479DE83207CCE9E00C18A8B;
			remoteInfo = SystemTest;
		};
		4479DEA4207CCE9F00C18A8B /* PBXContainerItemProxy */ = {
			isa = PBXContainerItemProxy;
			containerPortal = 4479DE7C207CCE9E00C18A8B /* Project object */;
			proxyType = 1;
			remoteGlobalIDString = 4479DE83207CCE9E00C18A8B;
			remoteInfo = SystemTest;
		};
/* End PBXContainerItemProxy section */

/* Begin PBXFileReference section */
		4479DE84207CCE9E00C18A8B /* SystemTest.app */ = {isa = PBXFileReference; explicitFileType = wrapper.application; includeInIndex = 0; path = SystemTest.app; sourceTree = BUILT_PRODUCTS_DIR; };
		4479DE87207CCE9F00C18A8B /* AppDelegate.swift */ = {isa = PBXFileReference; lastKnownFileType = sourcecode.swift; path = AppDelegate.swift; sourceTree = "<group>"; };
		4479DE89207CCE9F00C18A8B /* ViewController.swift */ = {isa = PBXFileReference; lastKnownFileType = sourcecode.swift; path = ViewController.swift; sourceTree = "<group>"; };
		4479DE8C207CCE9F00C18A8B /* Base */ = {isa = PBXFileReference; lastKnownFileType = file.storyboard; name = Base; path = Base.lproj/Main.storyboard; sourceTree = "<group>"; };
		4479DE8E207CCE9F00C18A8B /* Assets.xcassets */ = {isa = PBXFileReference; lastKnownFileType = folder.assetcatalog; path = Assets.xcassets; sourceTree = "<group>"; };
		4479DE91207CCE9F00C18A8B /* Base */ = {isa = PBXFileReference; lastKnownFileType = file.storyboard; name = Base; path = Base.lproj/LaunchScreen.storyboard; sourceTree = "<group>"; };
		4479DE93207CCE9F00C18A8B /* Info.plist */ = {isa = PBXFileReference; lastKnownFileType = text.plist.xml; path = Info.plist; sourceTree = "<group>"; };
		4479DE98207CCE9F00C18A8B /* SystemTestTests.xctest */ = {isa = PBXFileReference; explicitFileType = wrapper.cfbundle; includeInIndex = 0; path = SystemTestTests.xctest; sourceTree = BUILT_PRODUCTS_DIR; };
		4479DE9C207CCE9F00C18A8B /* SystemTestTests.swift */ = {isa = PBXFileReference; lastKnownFileType = sourcecode.swift; path = SystemTestTests.swift; sourceTree = "<group>"; };
		4479DE9E207CCE9F00C18A8B /* Info.plist */ = {isa = PBXFileReference; lastKnownFileType = text.plist.xml; path = Info.plist; sourceTree = "<group>"; };
		4479DEA3207CCE9F00C18A8B /* SystemTestUITests.xctest */ = {isa = PBXFileReference; explicitFileType = wrapper.cfbundle; includeInIndex = 0; path = SystemTestUITests.xctest; sourceTree = BUILT_PRODUCTS_DIR; };
		4479DEA7207CCE9F00C18A8B /* SystemTestUITests.swift */ = {isa = PBXFileReference; lastKnownFileType = sourcecode.swift; path = SystemTestUITests.swift; sourceTree = "<group>"; };
		4479DEA9207CCE9F00C18A8B /* Info.plist */ = {isa = PBXFileReference; lastKnownFileType = text.plist.xml; path = Info.plist; sourceTree = "<group>"; };
		4479DEB5207CCEE200C18A8B /* VegetablesTableViewController.swift */ = {isa = PBXFileReference; lastKnownFileType = sourcecode.swift; path = VegetablesTableViewController.swift; sourceTree = "<group>"; };
		4479DEB7207CD3AF00C18A8B /* MainTableViewController.swift */ = {isa = PBXFileReference; lastKnownFileType = sourcecode.swift; path = MainTableViewController.swift; sourceTree = "<group>"; };
		44BE44C8207CE17C0043D66B /* FruitsTableViewController.swift */ = {isa = PBXFileReference; lastKnownFileType = sourcecode.swift; path = FruitsTableViewController.swift; sourceTree = "<group>"; };
		44BE44CA207CE3EB0043D66B /* LeafyVegetablesTableViewController.swift */ = {isa = PBXFileReference; lastKnownFileType = sourcecode.swift; path = LeafyVegetablesTableViewController.swift; sourceTree = "<group>"; };
/* End PBXFileReference section */

/* Begin PBXFrameworksBuildPhase section */
		4479DE81207CCE9E00C18A8B /* Frameworks */ = {
			isa = PBXFrameworksBuildPhase;
			buildActionMask = 2147483647;
			files = (
			);
			runOnlyForDeploymentPostprocessing = 0;
		};
		4479DE95207CCE9F00C18A8B /* Frameworks */ = {
			isa = PBXFrameworksBuildPhase;
			buildActionMask = 2147483647;
			files = (
			);
			runOnlyForDeploymentPostprocessing = 0;
		};
		4479DEA0207CCE9F00C18A8B /* Frameworks */ = {
			isa = PBXFrameworksBuildPhase;
			buildActionMask = 2147483647;
			files = (
			);
			runOnlyForDeploymentPostprocessing = 0;
		};
/* End PBXFrameworksBuildPhase section */

/* Begin PBXGroup section */
		4479DE7B207CCE9E00C18A8B = {
			isa = PBXGroup;
			children = (
				4479DE86207CCE9E00C18A8B /* SystemTest */,
				4479DE9B207CCE9F00C18A8B /* SystemTestTests */,
				4479DEA6207CCE9F00C18A8B /* SystemTestUITests */,
				4479DE85207CCE9E00C18A8B /* Products */,
			);
			sourceTree = "<group>";
		};
		4479DE85207CCE9E00C18A8B /* Products */ = {
			isa = PBXGroup;
			children = (
				4479DE84207CCE9E00C18A8B /* SystemTest.app */,
				4479DE98207CCE9F00C18A8B /* SystemTestTests.xctest */,
				4479DEA3207CCE9F00C18A8B /* SystemTestUITests.xctest */,
			);
			name = Products;
			sourceTree = "<group>";
		};
		4479DE86207CCE9E00C18A8B /* SystemTest */ = {
			isa = PBXGroup;
			children = (
				4479DE87207CCE9F00C18A8B /* AppDelegate.swift */,
				4479DE89207CCE9F00C18A8B /* ViewController.swift */,
				4479DE8B207CCE9F00C18A8B /* Main.storyboard */,
				4479DE8E207CCE9F00C18A8B /* Assets.xcassets */,
				4479DE90207CCE9F00C18A8B /* LaunchScreen.storyboard */,
				4479DE93207CCE9F00C18A8B /* Info.plist */,
				4479DEB7207CD3AF00C18A8B /* MainTableViewController.swift */,
				4479DEB5207CCEE200C18A8B /* VegetablesTableViewController.swift */,
				44BE44C8207CE17C0043D66B /* FruitsTableViewController.swift */,
				44BE44CA207CE3EB0043D66B /* LeafyVegetablesTableViewController.swift */,
			);
			path = SystemTest;
			sourceTree = "<group>";
		};
		4479DE9B207CCE9F00C18A8B /* SystemTestTests */ = {
			isa = PBXGroup;
			children = (
				4479DE9C207CCE9F00C18A8B /* SystemTestTests.swift */,
				4479DE9E207CCE9F00C18A8B /* Info.plist */,
			);
			path = SystemTestTests;
			sourceTree = "<group>";
		};
		4479DEA6207CCE9F00C18A8B /* SystemTestUITests */ = {
			isa = PBXGroup;
			children = (
				4479DEA7207CCE9F00C18A8B /* SystemTestUITests.swift */,
				4479DEA9207CCE9F00C18A8B /* Info.plist */,
			);
			path = SystemTestUITests;
			sourceTree = "<group>";
		};
/* End PBXGroup section */

/* Begin PBXNativeTarget section */
		4479DE83207CCE9E00C18A8B /* SystemTest */ = {
			isa = PBXNativeTarget;
			buildConfigurationList = 4479DEAC207CCE9F00C18A8B /* Build configuration list for PBXNativeTarget "SystemTest" */;
			buildPhases = (
				4479DE80207CCE9E00C18A8B /* Sources */,
				4479DE81207CCE9E00C18A8B /* Frameworks */,
				4479DE82207CCE9E00C18A8B /* Resources */,
			);
			buildRules = (
			);
			dependencies = (
			);
			name = SystemTest;
			productName = SystemTest;
			productReference = 4479DE84207CCE9E00C18A8B /* SystemTest.app */;
			productType = "com.apple.product-type.application";
		};
		4479DE97207CCE9F00C18A8B /* SystemTestTests */ = {
			isa = PBXNativeTarget;
			buildConfigurationList = 4479DEAF207CCE9F00C18A8B /* Build configuration list for PBXNativeTarget "SystemTestTests" */;
			buildPhases = (
				4479DE94207CCE9F00C18A8B /* Sources */,
				4479DE95207CCE9F00C18A8B /* Frameworks */,
				4479DE96207CCE9F00C18A8B /* Resources */,
			);
			buildRules = (
			);
			dependencies = (
				4479DE9A207CCE9F00C18A8B /* PBXTargetDependency */,
			);
			name = SystemTestTests;
			productName = SystemTestTests;
			productReference = 4479DE98207CCE9F00C18A8B /* SystemTestTests.xctest */;
			productType = "com.apple.product-type.bundle.unit-test";
		};
		4479DEA2207CCE9F00C18A8B /* SystemTestUITests */ = {
			isa = PBXNativeTarget;
			buildConfigurationList = 4479DEB2207CCE9F00C18A8B /* Build configuration list for PBXNativeTarget "SystemTestUITests" */;
			buildPhases = (
				4479DE9F207CCE9F00C18A8B /* Sources */,
				4479DEA0207CCE9F00C18A8B /* Frameworks */,
				4479DEA1207CCE9F00C18A8B /* Resources */,
			);
			buildRules = (
			);
			dependencies = (
				4479DEA5207CCE9F00C18A8B /* PBXTargetDependency */,
			);
			name = SystemTestUITests;
			productName = SystemTestUITests;
			productReference = 4479DEA3207CCE9F00C18A8B /* SystemTestUITests.xctest */;
			productType = "com.apple.product-type.bundle.ui-testing";
		};
/* End PBXNativeTarget section */

/* Begin PBXProject section */
		4479DE7C207CCE9E00C18A8B /* Project object */ = {
			isa = PBXProject;
			attributes = {
				LastSwiftUpdateCheck = 0920;
				LastUpgradeCheck = 0920;
				ORGANIZATIONNAME = SAIKRISHNA;
				TargetAttributes = {
					4479DE83207CCE9E00C18A8B = {
						CreatedOnToolsVersion = 9.2;
						ProvisioningStyle = Automatic;
					};
					4479DE97207CCE9F00C18A8B = {
						CreatedOnToolsVersion = 9.2;
						ProvisioningStyle = Automatic;
						TestTargetID = 4479DE83207CCE9E00C18A8B;
					};
					4479DEA2207CCE9F00C18A8B = {
						CreatedOnToolsVersion = 9.2;
						ProvisioningStyle = Automatic;
						TestTargetID = 4479DE83207CCE9E00C18A8B;
					};
				};
			};
			buildConfigurationList = 4479DE7F207CCE9E00C18A8B /* Build configuration list for PBXProject "SystemTest" */;
			compatibilityVersion = "Xcode 8.0";
			developmentRegion = en;
			hasScannedForEncodings = 0;
			knownRegions = (
				en,
				Base,
			);
			mainGroup = 4479DE7B207CCE9E00C18A8B;
			productRefGroup = 4479DE85207CCE9E00C18A8B /* Products */;
			projectDirPath = "";
			projectRoot = "";
			targets = (
				4479DE83207CCE9E00C18A8B /* SystemTest */,
				4479DE97207CCE9F00C18A8B /* SystemTestTests */,
				4479DEA2207CCE9F00C18A8B /* SystemTestUITests */,
			);
		};
/* End PBXProject section */

/* Begin PBXResourcesBuildPhase section */
		4479DE82207CCE9E00C18A8B /* Resources */ = {
			isa = PBXResourcesBuildPhase;
			buildActionMask = 2147483647;
			files = (
				4479DE92207CCE9F00C18A8B /* LaunchScreen.storyboard in Resources */,
				4479DE8F207CCE9F00C18A8B /* Assets.xcassets in Resources */,
				4479DE8D207CCE9F00C18A8B /* Main.storyboard in Resources */,
			);
			runOnlyForDeploymentPostprocessing = 0;
		};
		4479DE96207CCE9F00C18A8B /* Resources */ = {
			isa = PBXResourcesBuildPhase;
			buildActionMask = 2147483647;
			files = (
			);
			runOnlyForDeploymentPostprocessing = 0;
		};
		4479DEA1207CCE9F00C18A8B /* Resources */ = {
			isa = PBXResourcesBuildPhase;
			buildActionMask = 2147483647;
			files = (
			);
			runOnlyForDeploymentPostprocessing = 0;
		};
/* End PBXResourcesBuildPhase section */

/* Begin PBXSourcesBuildPhase section */
		4479DE80207CCE9E00C18A8B /* Sources */ = {
			isa = PBXSourcesBuildPhase;
			buildActionMask = 2147483647;
			files = (
				4479DEB8207CD3AF00C18A8B /* MainTableViewController.swift in Sources */,
				44BE44C9207CE17C0043D66B /* FruitsTableViewController.swift in Sources */,
				4479DEB6207CCEE200C18A8B /* VegetablesTableViewController.swift in Sources */,
				44BE44CB207CE3EB0043D66B /* LeafyVegetablesTableViewController.swift in Sources */,
				4479DE8A207CCE9F00C18A8B /* ViewController.swift in Sources */,
				4479DE88207CCE9F00C18A8B /* AppDelegate.swift in Sources */,
			);
			runOnlyForDeploymentPostprocessing = 0;
		};
		4479DE94207CCE9F00C18A8B /* Sources */ = {
			isa = PBXSourcesBuildPhase;
			buildActionMask = 2147483647;
			files = (
				4479DE9D207CCE9F00C18A8B /* SystemTestTests.swift in Sources */,
			);
			runOnlyForDeploymentPostprocessing = 0;
		};
		4479DE9F207CCE9F00C18A8B /* Sources */ = {
			isa = PBXSourcesBuildPhase;
			buildActionMask = 2147483647;
			files = (
				4479DEA8207CCE9F00C18A8B /* SystemTestUITests.swift in Sources */,
			);
			runOnlyForDeploymentPostprocessing = 0;
		};
/* End PBXSourcesBuildPhase section */

/* Begin PBXTargetDependency section */
		4479DE9A207CCE9F00C18A8B /* PBXTargetDependency */ = {
			isa = PBXTargetDependency;
			target = 4479DE83207CCE9E00C18A8B /* SystemTest */;
			targetProxy = 4479DE99207CCE9F00C18A8B /* PBXContainerItemProxy */;
		};
		4479DEA5207CCE9F00C18A8B /* PBXTargetDependency */ = {
			isa = PBXTargetDependency;
			target = 4479DE83207CCE9E00C18A8B /* SystemTest */;
			targetProxy = 4479DEA4207CCE9F00C18A8B /* PBXContainerItemProxy */;
		};
/* End PBXTargetDependency section */

/* Begin PBXVariantGroup section */
		4479DE8B207CCE9F00C18A8B /* Main.storyboard */ = {
			isa = PBXVariantGroup;
			children = (
				4479DE8C207CCE9F00C18A8B /* Base */,
			);
			name = Main.storyboard;
			sourceTree = "<group>";
		};
		4479DE90207CCE9F00C18A8B /* LaunchScreen.storyboard */ = {
			isa = PBXVariantGroup;
			children = (
				4479DE91207CCE9F00C18A8B /* Base */,
			);
			name = LaunchScreen.storyboard;
			sourceTree = "<group>";
		};
/* End PBXVariantGroup section */

/* Begin XCBuildConfiguration section */
		4479DEAA207CCE9F00C18A8B /* Debug */ = {
			isa = XCBuildConfiguration;
			buildSettings = {
				ALWAYS_SEARCH_USER_PATHS = NO;
				CLANG_ANALYZER_NONNULL = YES;
				CLANG_ANALYZER_NUMBER_OBJECT_CONVERSION = YES_AGGRESSIVE;
				CLANG_CXX_LANGUAGE_STANDARD = "gnu++14";
				CLANG_CXX_LIBRARY = "libc++";
				CLANG_ENABLE_MODULES = YES;
				CLANG_ENABLE_OBJC_ARC = YES;
				CLANG_WARN_BLOCK_CAPTURE_AUTORELEASING = YES;
				CLANG_WARN_BOOL_CONVERSION = YES;
				CLANG_WARN_COMMA = YES;
				CLANG_WARN_CONSTANT_CONVERSION = YES;
				CLANG_WARN_DIRECT_OBJC_ISA_USAGE = YES_ERROR;
				CLANG_WARN_DOCUMENTATION_COMMENTS = YES;
				CLANG_WARN_EMPTY_BODY = YES;
				CLANG_WARN_ENUM_CONVERSION = YES;
				CLANG_WARN_INFINITE_RECURSION = YES;
				CLANG_WARN_INT_CONVERSION = YES;
				CLANG_WARN_NON_LITERAL_NULL_CONVERSION = YES;
				CLANG_WARN_OBJC_LITERAL_CONVERSION = YES;
				CLANG_WARN_OBJC_ROOT_CLASS = YES_ERROR;
				CLANG_WARN_RANGE_LOOP_ANALYSIS = YES;
				CLANG_WARN_STRICT_PROTOTYPES = YES;
				CLANG_WARN_SUSPICIOUS_MOVE = YES;
				CLANG_WARN_UNGUARDED_AVAILABILITY = YES_AGGRESSIVE;
				CLANG_WARN_UNREACHABLE_CODE = YES;
				CLANG_WARN__DUPLICATE_METHOD_MATCH = YES;
				CODE_SIGN_IDENTITY = "iPhone Developer";
				COPY_PHASE_STRIP = NO;
				DEBUG_INFORMATION_FORMAT = dwarf;
				ENABLE_STRICT_OBJC_MSGSEND = YES;
				ENABLE_TESTABILITY = YES;
				GCC_C_LANGUAGE_STANDARD = gnu11;
				GCC_DYNAMIC_NO_PIC = NO;
				GCC_NO_COMMON_BLOCKS = YES;
				GCC_OPTIMIZATION_LEVEL = 0;
				GCC_PREPROCESSOR_DEFINITIONS = (
					"DEBUG=1",
					"$(inherited)",
				);
				GCC_WARN_64_TO_32_BIT_CONVERSION = YES;
				GCC_WARN_ABOUT_RETURN_TYPE = YES_ERROR;
				GCC_WARN_UNDECLARED_SELECTOR = YES;
				GCC_WARN_UNINITIALIZED_AUTOS = YES_AGGRESSIVE;
				GCC_WARN_UNUSED_FUNCTION = YES;
				GCC_WARN_UNUSED_VARIABLE = YES;
				IPHONEOS_DEPLOYMENT_TARGET = 11.2;
				MTL_ENABLE_DEBUG_INFO = YES;
				ONLY_ACTIVE_ARCH = YES;
				SDKROOT = iphoneos;
				SWIFT_ACTIVE_COMPILATION_CONDITIONS = DEBUG;
				SWIFT_OPTIMIZATION_LEVEL = "-Onone";
			};
			name = Debug;
		};
		4479DEAB207CCE9F00C18A8B /* Release */ = {
			isa = XCBuildConfiguration;
			buildSettings = {
				ALWAYS_SEARCH_USER_PATHS = NO;
				CLANG_ANALYZER_NONNULL = YES;
				CLANG_ANALYZER_NUMBER_OBJECT_CONVERSION = YES_AGGRESSIVE;
				CLANG_CXX_LANGUAGE_STANDARD = "gnu++14";
				CLANG_CXX_LIBRARY = "libc++";
				CLANG_ENABLE_MODULES = YES;
				CLANG_ENABLE_OBJC_ARC = YES;
				CLANG_WARN_BLOCK_CAPTURE_AUTORELEASING = YES;
				CLANG_WARN_BOOL_CONVERSION = YES;
				CLANG_WARN_COMMA = YES;
				CLANG_WARN_CONSTANT_CONVERSION = YES;
				CLANG_WARN_DIRECT_OBJC_ISA_USAGE = YES_ERROR;
				CLANG_WARN_DOCUMENTATION_COMMENTS = YES;
				CLANG_WARN_EMPTY_BODY = YES;
				CLANG_WARN_ENUM_CONVERSION = YES;
				CLANG_WARN_INFINITE_RECURSION = YES;
				CLANG_WARN_INT_CONVERSION = YES;
				CLANG_WARN_NON_LITERAL_NULL_CONVERSION = YES;
				CLANG_WARN_OBJC_LITERAL_CONVERSION = YES;
				CLANG_WARN_OBJC_ROOT_CLASS = YES_ERROR;
				CLANG_WARN_RANGE_LOOP_ANALYSIS = YES;
				CLANG_WARN_STRICT_PROTOTYPES = YES;
				CLANG_WARN_SUSPICIOUS_MOVE = YES;
				CLANG_WARN_UNGUARDED_AVAILABILITY = YES_AGGRESSIVE;
				CLANG_WARN_UNREACHABLE_CODE = YES;
				CLANG_WARN__DUPLICATE_METHOD_MATCH = YES;
				CODE_SIGN_IDENTITY = "iPhone Developer";
				COPY_PHASE_STRIP = NO;
				DEBUG_INFORMATION_FORMAT = "dwarf-with-dsym";
				ENABLE_NS_ASSERTIONS = NO;
				ENABLE_STRICT_OBJC_MSGSEND = YES;
				GCC_C_LANGUAGE_STANDARD = gnu11;
				GCC_NO_COMMON_BLOCKS = YES;
				GCC_WARN_64_TO_32_BIT_CONVERSION = YES;
				GCC_WARN_ABOUT_RETURN_TYPE = YES_ERROR;
				GCC_WARN_UNDECLARED_SELECTOR = YES;
				GCC_WARN_UNINITIALIZED_AUTOS = YES_AGGRESSIVE;
				GCC_WARN_UNUSED_FUNCTION = YES;
				GCC_WARN_UNUSED_VARIABLE = YES;
				IPHONEOS_DEPLOYMENT_TARGET = 11.2;
				MTL_ENABLE_DEBUG_INFO = NO;
				SDKROOT = iphoneos;
				SWIFT_OPTIMIZATION_LEVEL = "-Owholemodule";
				VALIDATE_PRODUCT = YES;
			};
			name = Release;
		};
		4479DEAD207CCE9F00C18A8B /* Debug */ = {
			isa = XCBuildConfiguration;
			buildSettings = {
				ASSETCATALOG_COMPILER_APPICON_NAME = AppIcon;
				CODE_SIGN_STYLE = Automatic;
				INFOPLIST_FILE = SystemTest/Info.plist;
				LD_RUNPATH_SEARCH_PATHS = "$(inherited) @executable_path/Frameworks";
				PRODUCT_BUNDLE_IDENTIFIER = com.sai.SystemTest;
				PRODUCT_NAME = "$(TARGET_NAME)";
				SWIFT_VERSION = 4.0;
				TARGETED_DEVICE_FAMILY = "1,2";
			};
			name = Debug;
		};
		4479DEAE207CCE9F00C18A8B /* Release */ = {
			isa = XCBuildConfiguration;
			buildSettings = {
				ASSETCATALOG_COMPILER_APPICON_NAME = AppIcon;
				CODE_SIGN_STYLE = Automatic;
				INFOPLIST_FILE = SystemTest/Info.plist;
				LD_RUNPATH_SEARCH_PATHS = "$(inherited) @executable_path/Frameworks";
				PRODUCT_BUNDLE_IDENTIFIER = com.sai.SystemTest;
				PRODUCT_NAME = "$(TARGET_NAME)";
				SWIFT_VERSION = 4.0;
				TARGETED_DEVICE_FAMILY = "1,2";
			};
			name = Release;
		};
		4479DEB0207CCE9F00C18A8B /* Debug */ = {
			isa = XCBuildConfiguration;
			buildSettings = {
				ALWAYS_EMBED_SWIFT_STANDARD_LIBRARIES = YES;
				BUNDLE_LOADER = "$(TEST_HOST)";
				CODE_SIGN_STYLE = Automatic;
				INFOPLIST_FILE = SystemTestTests/Info.plist;
				LD_RUNPATH_SEARCH_PATHS = "$(inherited) @executable_path/Frameworks @loader_path/Frameworks";
				PRODUCT_BUNDLE_IDENTIFIER = com.sai.SystemTestTests;
				PRODUCT_NAME = "$(TARGET_NAME)";
				SWIFT_VERSION = 4.0;
				TARGETED_DEVICE_FAMILY = "1,2";
				TEST_HOST = "$(BUILT_PRODUCTS_DIR)/SystemTest.app/SystemTest";
			};
			name = Debug;
		};
		4479DEB1207CCE9F00C18A8B /* Release */ = {
			isa = XCBuildConfiguration;
			buildSettings = {
				ALWAYS_EMBED_SWIFT_STANDARD_LIBRARIES = YES;
				BUNDLE_LOADER = "$(TEST_HOST)";
				CODE_SIGN_STYLE = Automatic;
				INFOPLIST_FILE = SystemTestTests/Info.plist;
				LD_RUNPATH_SEARCH_PATHS = "$(inherited) @executable_path/Frameworks @loader_path/Frameworks";
				PRODUCT_BUNDLE_IDENTIFIER = com.sai.SystemTestTests;
				PRODUCT_NAME = "$(TARGET_NAME)";
				SWIFT_VERSION = 4.0;
				TARGETED_DEVICE_FAMILY = "1,2";
				TEST_HOST = "$(BUILT_PRODUCTS_DIR)/SystemTest.app/SystemTest";
			};
			name = Release;
		};
		4479DEB3207CCE9F00C18A8B /* Debug */ = {
			isa = XCBuildConfiguration;
			buildSettings = {
				ALWAYS_EMBED_SWIFT_STANDARD_LIBRARIES = YES;
				CODE_SIGN_STYLE = Automatic;
				INFOPLIST_FILE = SystemTestUITests/Info.plist;
				LD_RUNPATH_SEARCH_PATHS = "$(inherited) @executable_path/Frameworks @loader_path/Frameworks";
				PRODUCT_BUNDLE_IDENTIFIER = com.sai.SystemTestUITests;
				PRODUCT_NAME = "$(TARGET_NAME)";
				SWIFT_VERSION = 4.0;
				TARGETED_DEVICE_FAMILY = "1,2";
				TEST_TARGET_NAME = SystemTest;
			};
			name = Debug;
		};
		4479DEB4207CCE9F00C18A8B /* Release */ = {
			isa = XCBuildConfiguration;
			buildSettings = {
				ALWAYS_EMBED_SWIFT_STANDARD_LIBRARIES = YES;
				CODE_SIGN_STYLE = Automatic;
				INFOPLIST_FILE = SystemTestUITests/Info.plist;
				LD_RUNPATH_SEARCH_PATHS = "$(inherited) @executable_path/Frameworks @loader_path/Frameworks";
				PRODUCT_BUNDLE_IDENTIFIER = com.sai.SystemTestUITests;
				PRODUCT_NAME = "$(TARGET_NAME)";
				SWIFT_VERSION = 4.0;
				TARGETED_DEVICE_FAMILY = "1,2";
				TEST_TARGET_NAME = SystemTest;
			};
			name = Release;
		};
/* End XCBuildConfiguration section */

/* Begin XCConfigurationList section */
		4479DE7F207CCE9E00C18A8B /* Build configuration list for PBXProject "SystemTest" */ = {
			isa = XCConfigurationList;
			buildConfigurations = (
				4479DEAA207CCE9F00C18A8B /* Debug */,
				4479DEAB207CCE9F00C18A8B /* Release */,
			);
			defaultConfigurationIsVisible = 0;
			defaultConfigurationName = Release;
		};
		4479DEAC207CCE9F00C18A8B /* Build configuration list for PBXNativeTarget "SystemTest" */ = {
			isa = XCConfigurationList;
			buildConfigurations = (
				4479DEAD207CCE9F00C18A8B /* Debug */,
				4479DEAE207CCE9F00C18A8B /* Release */,
			);
			defaultConfigurationIsVisible = 0;
			defaultConfigurationName = Release;
		};
		4479DEAF207CCE9F00C18A8B /* Build configuration list for PBXNativeTarget "SystemTestTests" */ = {
			isa = XCConfigurationList;
			buildConfigurations = (
				4479DEB0207CCE9F00C18A8B /* Debug */,
				4479DEB1207CCE9F00C18A8B /* Release */,
			);
			defaultConfigurationIsVisible = 0;
			defaultConfigurationName = Release;
		};
		4479DEB2207CCE9F00C18A8B /* Build configuration list for PBXNativeTarget "SystemTestUITests" */ = {
			isa = XCConfigurationList;
			buildConfigurations = (
				4479DEB3207CCE9F00C18A8B /* Debug */,
				4479DEB4207CCE9F00C18A8B /* Release */,
			);
			defaultConfigurationIsVisible = 0;
			defaultConfigurationName = Release;
		};
/* End XCConfigurationList section */
	};
	rootObject = 4479DE7C207CCE9E00C18A8B /* Project object */;
}
